Microsoft Visual Studio Solution File, Format Version 12.00
# Visual Studio Version 18
VisualStudioVersion = 18.1.11312.151 d18.0
MinimumVisualStudioVersion = 10.0.40219.1
Project("{FAE04EC0-301F-11D3-BF4B-00C04F79EFBC}") = "Temperature Converter", "Temperature Converter.csproj", "{31AB62F9-E191-4E47-061E-F9C7F5DFAEAD}"
EndProject
Project("{FAE04EC0-301F-11D3-BF4B-00C04F79EFBC}") = "MVVM Sample", "..\MVVM Sample\MVVM Sample.csproj", "{54F9C82D-E143-4F7F-9D91-488483B9DC05}"
EndProject
Global
	GlobalSection(SolutionConfigurationPlatforms) = preSolution
		Debug|Any CPU = Debug|Any CPU
		Release|Any CPU = Release|Any CPU
	EndGlobalSection
	GlobalSection(ProjectConfigurationPlatforms) = postSolution
		{31AB62F9-E191-4E47-061E-F9C7F5DFAEAD}.Debug|Any CPU.ActiveCfg = Debug|Any CPU
		{31AB62F9-E191-4E47-061E-F9C7F5DFAEAD}.Debug|Any CPU.Build.0 = Debug|Any CPU
		{31AB62F9-E191-4E47-061E-F9C7F5DFAEAD}.Release|Any CPU.ActiveCfg = Release|Any CPU
		{31AB62F9-E191-4E47-061E-F9C7F5DFAEAD}.Release|Any CPU.Build.0 = Release|Any CPU
		{54F9C82D-E143-4F7F-9D91-488483B9DC05}.Debug|Any CPU.ActiveCfg = Debug|Any CPU
		{54F9C82D-E143-4F7F-9D91-488483B9DC05}.Debug|Any CPU.Build.0 = Debug|Any CPU
		{54F9C82D-E143-4F7F-9D91-488483B9DC05}.Release|Any CPU.ActiveCfg = Release|Any CPU
		{54F9C82D-E143-4F7F-9D91-488483B9DC05}.Release|Any CPU.Build.0 = Release|Any CPU
	EndGlobalSection
	GlobalSection(SolutionProperties) = preSolution
		HideSolutionNode = FALSE
	EndGlobalSection
	GlobalSection(ExtensibilityGlobals) = postSolution
		SolutionGuid = {A8302B04-5C09-40B6-9682-C14CA3022650}
	EndGlobalSection
EndGlobal
